# This file is automatically @generated by Poetry 1.7.1 and should not be changed by hand.

[[package]]
name = "evdev"
version = "1.6.1"
description = "Bindings to the Linux input handling subsystem"
optional = false
python-versions = "*"
files = [
    {file = "evdev-1.6.1.tar.gz", hash = "sha256:299db8628cc73b237fc1cc57d3c2948faa0756e2a58b6194b5bf81dc2081f1e3"},
]

[[package]]
name = "mypy"
version = "1.8.0"
description = "Optional static typing for Python"
optional = false
python-versions = ">=3.8"
files = [
    {file = "mypy-1.8.0-cp310-cp310-macosx_10_9_x86_64.whl", hash = "sha256:485a8942f671120f76afffff70f259e1cd0f0cfe08f81c05d8816d958d4577d3"},
    {file = "mypy-1.8.0-cp310-cp310-macosx_11_0_arm64.whl", hash = "sha256:df9824ac11deaf007443e7ed2a4a26bebff98d2bc43c6da21b2b64185da011c4"},
    {file = "mypy-1.8.0-cp310-cp310-manylinux_2_17_x86_64.manylinux2014_x86_64.whl", hash = "sha256:2afecd6354bbfb6e0160f4e4ad9ba6e4e003b767dd80d85516e71f2e955ab50d"},
    {file = "mypy-1.8.0-cp310-cp310-musllinux_1_1_x86_64.whl", hash = "sha256:8963b83d53ee733a6e4196954502b33567ad07dfd74851f32be18eb932fb1cb9"},
    {file = "mypy-1.8.0-cp310-cp310-win_amd64.whl", hash = "sha256:e46f44b54ebddbeedbd3d5b289a893219065ef805d95094d16a0af6630f5d410"},
    {file = "mypy-1.8.0-cp311-cp311-macosx_10_9_x86_64.whl", hash = "sha256:855fe27b80375e5c5878492f0729540db47b186509c98dae341254c8f45f42ae"},
    {file = "mypy-1.8.0-cp311-cp311-macosx_11_0_arm64.whl", hash = "sha256:4c886c6cce2d070bd7df4ec4a05a13ee20c0aa60cb587e8d1265b6c03cf91da3"},
    {file = "mypy-1.8.0-cp311-cp311-manylinux_2_17_x86_64.manylinux2014_x86_64.whl", hash = "sha256:d19c413b3c07cbecf1f991e2221746b0d2a9410b59cb3f4fb9557f0365a1a817"},
    {file = "mypy-1.8.0-cp311-cp311-musllinux_1_1_x86_64.whl", hash = "sha256:9261ed810972061388918c83c3f5cd46079d875026ba97380f3e3978a72f503d"},
    {file = "mypy-1.8.0-cp311-cp311-win_amd64.whl", hash = "sha256:51720c776d148bad2372ca21ca29256ed483aa9a4cdefefcef49006dff2a6835"},
    {file = "mypy-1.8.0-cp312-cp312-macosx_10_9_x86_64.whl", hash = "sha256:52825b01f5c4c1c4eb0db253ec09c7aa17e1a7304d247c48b6f3599ef40db8bd"},
    {file = "mypy-1.8.0-cp312-cp312-macosx_11_0_arm64.whl", hash = "sha256:f5ac9a4eeb1ec0f1ccdc6f326bcdb464de5f80eb07fb38b5ddd7b0de6bc61e55"},
    {file = "mypy-1.8.0-cp312-cp312-manylinux_2_17_x86_64.manylinux2014_x86_64.whl", hash = "sha256:afe3fe972c645b4632c563d3f3eff1cdca2fa058f730df2b93a35e3b0c538218"},
    {file = "mypy-1.8.0-cp312-cp312-musllinux_1_1_x86_64.whl", hash = "sha256:42c6680d256ab35637ef88891c6bd02514ccb7e1122133ac96055ff458f93fc3"},
    {file = "mypy-1.8.0-cp312-cp312-win_amd64.whl", hash = "sha256:720a5ca70e136b675af3af63db533c1c8c9181314d207568bbe79051f122669e"},
    {file = "mypy-1.8.0-cp38-cp38-macosx_10_9_x86_64.whl", hash = "sha256:028cf9f2cae89e202d7b6593cd98db6759379f17a319b5faf4f9978d7084cdc6"},
    {file = "mypy-1.8.0-cp38-cp38-macosx_11_0_arm64.whl", hash = "sha256:4e6d97288757e1ddba10dd9549ac27982e3e74a49d8d0179fc14d4365c7add66"},
    {file = "mypy-1.8.0-cp38-cp38-manylinux_2_17_x86_64.manylinux2014_x86_64.whl", hash = "sha256:7f1478736fcebb90f97e40aff11a5f253af890c845ee0c850fe80aa060a267c6"},
    {file = "mypy-1.8.0-cp38-cp38-musllinux_1_1_x86_64.whl", hash = "sha256:42419861b43e6962a649068a61f4a4839205a3ef525b858377a960b9e2de6e0d"},
    {file = "mypy-1.8.0-cp38-cp38-win_amd64.whl", hash = "sha256:2b5b6c721bd4aabaadead3a5e6fa85c11c6c795e0c81a7215776ef8afc66de02"},
    {file = "mypy-1.8.0-cp39-cp39-macosx_10_9_x86_64.whl", hash = "sha256:5c1538c38584029352878a0466f03a8ee7547d7bd9f641f57a0f3017a7c905b8"},
    {file = "mypy-1.8.0-cp39-cp39-macosx_11_0_arm64.whl", hash = "sha256:4ef4be7baf08a203170f29e89d79064463b7fc7a0908b9d0d5114e8009c3a259"},
    {file = "mypy-1.8.0-cp39-cp39-manylinux_2_17_x86_64.manylinux2014_x86_64.whl", hash = "sha256:7178def594014aa6c35a8ff411cf37d682f428b3b5617ca79029d8ae72f5402b"},
    {file = "mypy-1.8.0-cp39-cp39-musllinux_1_1_x86_64.whl", hash = "sha256:ab3c84fa13c04aeeeabb2a7f67a25ef5d77ac9d6486ff33ded762ef353aa5592"},
    {file = "mypy-1.8.0-cp39-cp39-win_amd64.whl", hash = "sha256:99b00bc72855812a60d253420d8a2eae839b0afa4938f09f4d2aa9bb4654263a"},
    {file = "mypy-1.8.0-py3-none-any.whl", hash = "sha256:538fd81bb5e430cc1381a443971c0475582ff9f434c16cd46d2c66763ce85d9d"},
    {file = "mypy-1.8.0.tar.gz", hash = "sha256:6ff8b244d7085a0b425b56d327b480c3b29cafbd2eff27316a004f9a7391ae07"},
]

[package.dependencies]
mypy-extensions = ">=1.0.0"
typing-extensions = ">=4.1.0"

[package.extras]
dmypy = ["psutil (>=4.0)"]
install-types = ["pip"]
mypyc = ["setuptools (>=50)"]
reports = ["lxml"]

[[package]]
name = "mypy-extensions"
version = "1.0.0"
description = "Type system extensions for programs checked with the mypy type checker."
optional = false
python-versions = ">=3.5"
files = [
    {file = "mypy_extensions-1.0.0-py3-none-any.whl", hash = "sha256:4392f6c0eb8a5668a69e23d168ffa70f0be9ccfd32b5cc2d26a34ae5b844552d"},
    {file = "mypy_extensions-1.0.0.tar.gz", hash = "sha256:75dbf8955dc00442a438fc4d0666508a9a97b6bd41aa2f0ffe9d2f2725af0782"},
]

[[package]]
name = "pynput"
version = "1.7.6"
description = "Monitor and control user input devices"
optional = false
python-versions = "*"
files = [
    {file = "pynput-1.7.6-py2.py3-none-any.whl", hash = "sha256:19861b2a0c430d646489852f89500e0c9332e295f2c020e7c2775e7046aa2e2f"},
    {file = "pynput-1.7.6.tar.gz", hash = "sha256:3a5726546da54116b687785d38b1db56997ce1d28e53e8d22fc656d8b92e533c"},
]

[package.dependencies]
evdev = {version = ">=1.3", markers = "sys_platform in \"linux\""}
pyobjc-framework-ApplicationServices = {version = ">=8.0", markers = "sys_platform == \"darwin\""}
pyobjc-framework-Quartz = {version = ">=8.0", markers = "sys_platform == \"darwin\""}
python-xlib = {version = ">=0.17", markers = "sys_platform in \"linux\""}
six = "*"

[[package]]
name = "pyobjc-core"
version = "10.1"
description = "Python<->ObjC Interoperability Module"
optional = false
python-versions = ">=3.8"
files = [
    {file = "pyobjc-core-10.1.tar.gz", hash = "sha256:1844f1c8e282839e6fdcb9a9722396c1c12fb1e9331eb68828a26f28a3b2b2b1"},
    {file = "pyobjc_core-10.1-cp310-cp310-macosx_10_9_universal2.whl", hash = "sha256:2a72a88222539ad07b5c8be411edc52ff9147d7cef311a2c849869d7bb9603fd"},
    {file = "pyobjc_core-10.1-cp311-cp311-macosx_10_9_universal2.whl", hash = "sha256:fe1b9987b7b0437685fb529832876c2a8463500114960d4e76bb8ae96b6bf208"},
    {file = "pyobjc_core-10.1-cp312-cp312-macosx_10_9_universal2.whl", hash = "sha256:9f628779c345d3abd0e20048fb0e256d894c22254577a81a6dcfdb92c3647682"},
    {file = "pyobjc_core-10.1-cp38-cp38-macosx_10_9_x86_64.whl", hash = "sha256:25a9e5a2de19238787d24cfa7def6b7fbb94bbe89c0e3109f71c1cb108e8ab44"},
    {file = "pyobjc_core-10.1-cp38-cp38-macosx_11_0_universal2.whl", hash = "sha256:2d43205d3a784aa87055b84c0ec0dfa76498e5f18d1ad16bdc58a3dcf5a7d5d0"},
    {file = "pyobjc_core-10.1-cp39-cp39-macosx_10_9_universal2.whl", hash = "sha256:0aa9799b5996a893944999a2f1afcf1de119cab3551c169ad9f54d12e1d38c99"},
]

[[package]]
name = "pyobjc-framework-applicationservices"
version = "10.1"
description = "Wrappers for the framework ApplicationServices on macOS"
optional = false
python-versions = ">=3.8"
files = [
    {file = "pyobjc-framework-ApplicationServices-10.1.tar.gz", hash = "sha256:bb780eabadad0fbf36a128041dccfd71e30bbeb6b110852d37fd5c98f4a2ec04"},
    {file = "pyobjc_framework_ApplicationServices-10.1-cp310-cp310-macosx_10_9_universal2.whl", hash = "sha256:a74a0922b48ad5ac4e402a1ac5dda5d6ee0d177870b7e244be61bc95d639ba85"},
    {file = "pyobjc_framework_ApplicationServices-10.1-cp311-cp311-macosx_10_9_universal2.whl", hash = "sha256:ff352c33cad3f7bf8dd9b955ebb5db02d451d88eb04478d83edf0edd0cc8bf5d"},
    {file = "pyobjc_framework_ApplicationServices-10.1-cp312-cp312-macosx_10_9_universal2.whl", hash = "sha256:6d0706d5d9436298c8d619a1bb5be11a1f4ff9f4733797a393c6a706568de110"},
    {file = "pyobjc_framework_ApplicationServices-10.1-cp38-cp38-macosx_10_9_x86_64.whl", hash = "sha256:95bd111583c3bf20656393c2a056a457b0cf08c76c0ab27cfcaedf92f707e8a9"},
    {file = "pyobjc_framework_ApplicationServices-10.1-cp38-cp38-macosx_11_0_universal2.whl", hash = "sha256:90a2350ddae3d9fb7b2e35e3b672b64854edae497fda8d7d4d798679c8280fed"},
    {file = "pyobjc_framework_ApplicationServices-10.1-cp39-cp39-macosx_10_9_universal2.whl", hash = "sha256:8bc830ac60b73a4cab24d1b1fdd8b044f25fe02e0af63a92cd96c43a51808c96"},
]

[package.dependencies]
pyobjc-core = ">=10.1"
pyobjc-framework-Cocoa = ">=10.1"
pyobjc-framework-CoreText = ">=10.1"
pyobjc-framework-Quartz = ">=10.1"

[[package]]
name = "pyobjc-framework-cocoa"
version = "10.1"
description = "Wrappers for the Cocoa frameworks on macOS"
optional = false
python-versions = ">=3.8"
files = [
    {file = "pyobjc-framework-Cocoa-10.1.tar.gz", hash = "sha256:8faaf1292a112e488b777d0c19862d993f3f384f3927dc6eca0d8d2221906a14"},
    {file = "pyobjc_framework_Cocoa-10.1-cp310-cp310-macosx_10_9_universal2.whl", hash = "sha256:2e82c2e20b89811d92a7e6e487b6980f360b7c142e2576e90f0e7569caf8202b"},
    {file = "pyobjc_framework_Cocoa-10.1-cp311-cp311-macosx_10_9_universal2.whl", hash = "sha256:0860a9beb7e5c72a1f575679a6d1428a398fa19ad710fb116df899972912e304"},
    {file = "pyobjc_framework_Cocoa-10.1-cp312-cp312-macosx_10_9_universal2.whl", hash = "sha256:34b791ea740e1afce211f19334e45469fea9a48d8fce5072e146199fd19ff49f"},
    {file = "pyobjc_framework_Cocoa-10.1-cp38-cp38-macosx_10_9_x86_64.whl", hash = "sha256:1398c1a9bebad1a0f2549980e20f4aade00c341b9bac56b4493095a65917d34a"},
    {file = "pyobjc_framework_Cocoa-10.1-cp38-cp38-macosx_11_0_universal2.whl", hash = "sha256:22be21226e223d26c9e77645564225787f2b12a750dd17c7ad99c36f428eda14"},
    {file = "pyobjc_framework_Cocoa-10.1-cp39-cp39-macosx_10_9_universal2.whl", hash = "sha256:0280561f4fb98a864bd23f2c480d907b0edbffe1048654f5dfab160cea8198e6"},
]

[package.dependencies]
pyobjc-core = ">=10.1"

[[package]]
name = "pyobjc-framework-coretext"
version = "10.1"
description = "Wrappers for the framework CoreText on macOS"
optional = false
python-versions = ">=3.8"
files = [
    {file = "pyobjc-framework-CoreText-10.1.tar.gz", hash = "sha256:b6a112e2ae8720be42af19e0fe9b866b43d7e9196726caa366d61d18294e6248"},
    {file = "pyobjc_framework_CoreText-10.1-cp310-cp310-macosx_10_9_universal2.whl", hash = "sha256:6ea2920c126a8a39e8a13b6de731b78b391300cec242812c9fbcf65a66ae40cf"},
    {file = "pyobjc_framework_CoreText-10.1-cp311-cp311-macosx_10_9_universal2.whl", hash = "sha256:37b203d832dd82bd9566c72eea815eb89f00f128a4c9a2f352843914da4effec"},
    {file = "pyobjc_framework_CoreText-10.1-cp312-cp312-macosx_10_9_universal2.whl", hash = "sha256:083700483b18f337b0c43bdfaafc43467846f8555075669d4962d460d9d6cd00"},
    {file = "pyobjc_framework_CoreText-10.1-cp38-cp38-macosx_10_9_x86_64.whl", hash = "sha256:59472cd1a33e83803fa62b3db20ac0e899f5ed706d22704ea81129d3f49ff0c7"},
    {file = "pyobjc_framework_CoreText-10.1-cp38-cp38-macosx_11_0_universal2.whl", hash = "sha256:cc1a63ca2c6921768b1c794ce60e2a278e0177731aa4bf8f620fdde857e4835e"},
    {file = "pyobjc_framework_CoreText-10.1-cp39-cp39-macosx_10_9_universal2.whl", hash = "sha256:fbbdde4ce747bcad45c2aded36167ad00fead309a265d89ab22289c221038e57"},
]

[package.dependencies]
pyobjc-core = ">=10.1"
pyobjc-framework-Cocoa = ">=10.1"
pyobjc-framework-Quartz = ">=10.1"

[[package]]
name = "pyobjc-framework-quartz"
version = "10.1"
description = "Wrappers for the Quartz frameworks on macOS"
optional = false
python-versions = ">=3.8"
files = [
    {file = "pyobjc-framework-Quartz-10.1.tar.gz", hash = "sha256:b7439c0a3be9590d261cd2d340ba8dd24a75877b0be3ebce56e022a19cc05738"},
    {file = "pyobjc_framework_Quartz-10.1-cp310-cp310-macosx_10_9_universal2.whl", hash = "sha256:69db14ac9814839471e3cf5a8d81fb5edd1b762739ad806d3cf244836dac0154"},
    {file = "pyobjc_framework_Quartz-10.1-cp311-cp311-macosx_10_9_universal2.whl", hash = "sha256:2ddcd18e96511e618ce43e288a043e25524c131f5e6d58775db7aaf15553d849"},
    {file = "pyobjc_framework_Quartz-10.1-cp312-cp312-macosx_10_9_universal2.whl", hash = "sha256:c4257a2fb5580e5ebe927a66cf36a11749685a4681a30f90e954a3f08894cb62"},
    {file = "pyobjc_framework_Quartz-10.1-cp38-cp38-macosx_10_9_x86_64.whl", hash = "sha256:28315ca6e04a08ae9e4eaf35b364ee77e081605d5865021018217626097c5e80"},
    {file = "pyobjc_framework_Quartz-10.1-cp38-cp38-macosx_11_0_universal2.whl", hash = "sha256:9cb859a2fd7e15f2de85c16b028148dea06002d1a4142922b3441d3802fab372"},
    {file = "pyobjc_framework_Quartz-10.1-cp39-cp39-macosx_10_9_universal2.whl", hash = "sha256:993c71009e6374e57205e6aeaa577b7af2df245a5d1d2feff0f88ca0fa7b8626"},
]

[package.dependencies]
pyobjc-core = ">=10.1"
pyobjc-framework-Cocoa = ">=10.1"

[[package]]
name = "python-xlib"
version = "0.33"
description = "Python X Library"
optional = false
python-versions = "*"
files = [
    {file = "python-xlib-0.33.tar.gz", hash = "sha256:55af7906a2c75ce6cb280a584776080602444f75815a7aff4d287bb2d7018b32"},
    {file = "python_xlib-0.33-py2.py3-none-any.whl", hash = "sha256:c3534038d42e0df2f1392a1b30a15a4ff5fdc2b86cfa94f072bf11b10a164398"},
]

[package.dependencies]
six = ">=1.10.0"

[[package]]
name = "simpleaudio"
version = "1.0.4"
description = "Simple, asynchronous audio playback for Python 3."
optional = false
python-versions = "*"
files = [
    {file = "simpleaudio-1.0.4-cp37-cp37m-macosx_10_6_intel.whl", hash = "sha256:05b63da515f5fc7c6f40e4d9673d22239c5e03e2bda200fc09fd21c185d73713"},
    {file = "simpleaudio-1.0.4-cp37-cp37m-win32.whl", hash = "sha256:f1a4fe3358429b2ea3181fd782e4c4fff5c123ca86ec7fc29e01ee9acd8a227a"},
    {file = "simpleaudio-1.0.4-cp37-cp37m-win_amd64.whl", hash = "sha256:86f1b0985629852afe67259ac6c24905ca731cb202a6e96b818865c56ced0c27"},
    {file = "simpleaudio-1.0.4-cp38-cp38-macosx_10_9_x86_64.whl", hash = "sha256:f68820297ad51577e3a77369e7e9b23989d30d5ae923bf34c92cf983c04ade04"},
    {file = "simpleaudio-1.0.4-cp38-cp38-win32.whl", hash = "sha256:67348e3d3ccbae73bd126beed7f1e242976889620dbc6974c36800cd286430fc"},
    {file = "simpleaudio-1.0.4-cp38-cp38-win_amd64.whl", hash = "sha256:f346a4eac9cdbb1b3f3d0995095b7e86c12219964c022f4d920c22f6ca05fb4c"},
    {file = "simpleaudio-1.0.4.tar.gz", hash = "sha256:691c88649243544db717e7edf6a9831df112104e1aefb5f6038a5d071e8cf41d"},
]

[[package]]
name = "six"
version = "1.16.0"
description = "Python 2 and 3 compatibility utilities"
optional = false
python-versions = ">=2.7, !=3.0.*, !=3.1.*, !=3.2.*"
files = [
    {file = "six-1.16.0-py2.py3-none-any.whl", hash = "sha256:8abb2f1d86890a2dfb989f9a77cfcfd3e47c2a354b01111771326f8aa26e0254"},
    {file = "six-1.16.0.tar.gz", hash = "sha256:1e61c37477a1626458e36f7b1d82aa5c9b094fa4802892072e49de9c60c4c926"},
]

[[package]]
name = "typing-extensions"
version = "4.9.0"
description = "Backported and Experimental Type Hints for Python 3.8+"
optional = false
python-versions = ">=3.8"
files = [
    {file = "typing_extensions-4.9.0-py3-none-any.whl", hash = "sha256:af72aea155e91adfc61c3ae9e0e342dbc0cba726d6cba4b6c72c1f34e47291cd"},
    {file = "typing_extensions-4.9.0.tar.gz", hash = "sha256:23478f88c37f27d76ac8aee6c905017a143b0b1b886c3c9f66bc2fd94f9f5783"},
]

[[package]]
name = "xlib"
version = "0.21"
description = "Python X Library"
optional = false
python-versions = "*"
files = [
    {file = "xlib-0.21-py2.py3-none-any.whl", hash = "sha256:8eee67dad83ef4b82bbbfa85d51eeb20c79d12b119fe25aa1d27bd602ff82212"},
    {file = "xlib-0.21.tar.gz", hash = "sha256:60b7cd5d90f5d5922d9ce27b61589c07d970796558d417461db7b66e366bc401"},
]

[package.dependencies]
six = ">=1.10.0"

[metadata]
lock-version = "2.0"
python-versions = "^3.11"
content-hash = "921c457fd8d1e0bd030633c2aae06a04a890cc28e0716227602a52e4a3ebdfb4"
